{
  "lockfileVersion": 1,
  "workspaces": {
    "": {
      "name": "ask-script",
      "dependencies": {
        "@lift-html/core": "^0.0.4",
        "@opencode-ai/sdk": "^0.15.16",
      },
    },
  },
  "packages": {
    "@lift-html/core": ["@lift-html/core@0.0.4", "", {}, "sha512-QFfCu2PwGhN+dQ697TPuxvaeLo8swhHA0Bivypg3Owk5VcPkP6WHdzrrDVCQXstr1ANP8NFmFjX1WBM2y7ZCHA=="],

    "@opencode-ai/sdk": ["@opencode-ai/sdk@0.15.16", "", {}, "sha512-NPXnJhsUisq9W+hfCyWWTc8DWiQZpbfHo6Ei6hxYUR8uS1y67BzVzEieXezlnwN4US9+1pk4HWwjfXw2RnN4Ng=="],
  }
}
