{
  "lockfileVersion": 1,
  "workspaces": {
    "": {
      "name": "ask-script",
      "dependencies": {
        "valibot": "^0.30.0",
      },
    },
  },
  "packages": {
    "valibot": ["valibot@0.30.0", "", {}, "sha512-5POBdbSkM+3nvJ6ZlyQHsggisfRtyT4tVTo1EIIShs6qCdXJnyWU5TJ68vr8iTg5zpOLjXLRiBqNx+9zwZz/rA=="],
  }
}
